
Microsoft Visual Studio Solution File, Format Version 12.00
# Visual Studio Version 16
VisualStudioVersion = 16.0.29709.97
MinimumVisualStudioVersion = 10.0.40219.1
Project("{FAE04EC0-301F-11D3-BF4B-00C04F79EFBC}") = "Каримова_ОС_пр1", "Каримова_ОС_пр1\Каримова_ОС_пр1.csproj", "{6E4FA0EF-6F7D-4B44-AF73-609234FF13C2}"
EndProject
Global
	GlobalSection(SolutionConfigurationPlatforms) = preSolution
		Debug|Any CPU = Debug|Any CPU
		Release|Any CPU = Release|Any CPU
	EndGlobalSection
	GlobalSection(ProjectConfigurationPlatforms) = postSolution
		{6E4FA0EF-6F7D-4B44-AF73-609234FF13C2}.Debug|Any CPU.ActiveCfg = Debug|Any CPU
		{6E4FA0EF-6F7D-4B44-AF73-609234FF13C2}.Debug|Any CPU.Build.0 = Debug|Any CPU
		{6E4FA0EF-6F7D-4B44-AF73-609234FF13C2}.Release|Any CPU.ActiveCfg = Release|Any CPU
		{6E4FA0EF-6F7D-4B44-AF73-609234FF13C2}.Release|Any CPU.Build.0 = Release|Any CPU
	EndGlobalSection
	GlobalSection(SolutionProperties) = preSolution
		HideSolutionNode = FALSE
	EndGlobalSection
	GlobalSection(ExtensibilityGlobals) = postSolution
		SolutionGuid = {C9AF58CF-771D-4973-B8DE-97B5B07C2C5E}
	EndGlobalSection
EndGlobal
